
Microsoft Visual Studio Solution File, Format Version 12.00
# Visual Studio Version 17
VisualStudioVersion = 17.11.35312.102
MinimumVisualStudioVersion = 10.0.40219.1
Project("{8BC9CEB8-8B4A-11D0-8D11-00A0C91BC942}") = "Lesson1.1(repetition)", "Lesson1.1(repetition).vcxproj", "{AC103294-F640-4638-8006-C9EA1A95E170}"
EndProject
Project("{8BC9CEB8-8B4A-11D0-8D11-00A0C91BC942}") = "Lesson1.2", "Lesson1.2\Lesson1.2.vcxproj", "{297FF0E3-E84F-41CD-8DC2-A2E232749A0D}"
EndProject
Project("{8BC9CEB8-8B4A-11D0-8D11-00A0C91BC942}") = "Lesson1.3", "Lesson1.3\Lesson1.3.vcxproj", "{3FC1FFB3-A9A8-4F80-A6DD-3FC1B46C13ED}"
EndProject
Project("{8BC9CEB8-8B4A-11D0-8D11-00A0C91BC942}") = "Lesson1.4(1)", "Lesson1.4(1)\Lesson1.4(1).vcxproj", "{0286B620-C22C-4E2D-9B45-39C33B643C9A}"
EndProject
Project("{8BC9CEB8-8B4A-11D0-8D11-00A0C91BC942}") = "Lesson1.5(2)", "Lesson1.5(2)\Lesson1.5(2).vcxproj", "{B2846420-E4DC-4D7E-BEB3-6B3F1AC68C71}"
EndProject
Project("{8BC9CEB8-8B4A-11D0-8D11-00A0C91BC942}") = "Lesson1.6(3)", "Lesson1.6(3)\Lesson1.6(3).vcxproj", "{EF9A09E5-0685-4124-88FF-217753160965}"
EndProject
Global
	GlobalSection(SolutionConfigurationPlatforms) = preSolution
		Debug|x64 = Debug|x64
		Debug|x86 = Debug|x86
		Release|x64 = Release|x64
		Release|x86 = Release|x86
	EndGlobalSection
	GlobalSection(ProjectConfigurationPlatforms) = postSolution
		{AC103294-F640-4638-8006-C9EA1A95E170}.Debug|x64.ActiveCfg = Debug|x64
		{AC103294-F640-4638-8006-C9EA1A95E170}.Debug|x64.Build.0 = Debug|x64
		{AC103294-F640-4638-8006-C9EA1A95E170}.Debug|x86.ActiveCfg = Debug|Win32
		{AC103294-F640-4638-8006-C9EA1A95E170}.Debug|x86.Build.0 = Debug|Win32
		{AC103294-F640-4638-8006-C9EA1A95E170}.Release|x64.ActiveCfg = Release|x64
		{AC103294-F640-4638-8006-C9EA1A95E170}.Release|x64.Build.0 = Release|x64
		{AC103294-F640-4638-8006-C9EA1A95E170}.Release|x86.ActiveCfg = Release|Win32
		{AC103294-F640-4638-8006-C9EA1A95E170}.Release|x86.Build.0 = Release|Win32
		{297FF0E3-E84F-41CD-8DC2-A2E232749A0D}.Debug|x64.ActiveCfg = Debug|x64
		{297FF0E3-E84F-41CD-8DC2-A2E232749A0D}.Debug|x64.Build.0 = Debug|x64
		{297FF0E3-E84F-41CD-8DC2-A2E232749A0D}.Debug|x86.ActiveCfg = Debug|Win32
		{297FF0E3-E84F-41CD-8DC2-A2E232749A0D}.Debug|x86.Build.0 = Debug|Win32
		{297FF0E3-E84F-41CD-8DC2-A2E232749A0D}.Release|x64.ActiveCfg = Release|x64
		{297FF0E3-E84F-41CD-8DC2-A2E232749A0D}.Release|x64.Build.0 = Release|x64
		{297FF0E3-E84F-41CD-8DC2-A2E232749A0D}.Release|x86.ActiveCfg = Release|Win32
		{297FF0E3-E84F-41CD-8DC2-A2E232749A0D}.Release|x86.Build.0 = Release|Win32
		{3FC1FFB3-A9A8-4F80-A6DD-3FC1B46C13ED}.Debug|x64.ActiveCfg = Debug|x64
		{3FC1FFB3-A9A8-4F80-A6DD-3FC1B46C13ED}.Debug|x64.Build.0 = Debug|x64
		{3FC1FFB3-A9A8-4F80-A6DD-3FC1B46C13ED}.Debug|x86.ActiveCfg = Debug|Win32
		{3FC1FFB3-A9A8-4F80-A6DD-3FC1B46C13ED}.Debug|x86.Build.0 = Debug|Win32
		{3FC1FFB3-A9A8-4F80-A6DD-3FC1B46C13ED}.Release|x64.ActiveCfg = Release|x64
		{3FC1FFB3-A9A8-4F80-A6DD-3FC1B46C13ED}.Release|x64.Build.0 = Release|x64
		{3FC1FFB3-A9A8-4F80-A6DD-3FC1B46C13ED}.Release|x86.ActiveCfg = Release|Win32
		{3FC1FFB3-A9A8-4F80-A6DD-3FC1B46C13ED}.Release|x86.Build.0 = Release|Win32
		{0286B620-C22C-4E2D-9B45-39C33B643C9A}.Debug|x64.ActiveCfg = Debug|x64
		{0286B620-C22C-4E2D-9B45-39C33B643C9A}.Debug|x64.Build.0 = Debug|x64
		{0286B620-C22C-4E2D-9B45-39C33B643C9A}.Debug|x86.ActiveCfg = Debug|Win32
		{0286B620-C22C-4E2D-9B45-39C33B643C9A}.Debug|x86.Build.0 = Debug|Win32
		{0286B620-C22C-4E2D-9B45-39C33B643C9A}.Release|x64.ActiveCfg = Release|x64
		{0286B620-C22C-4E2D-9B45-39C33B643C9A}.Release|x64.Build.0 = Release|x64
		{0286B620-C22C-4E2D-9B45-39C33B643C9A}.Release|x86.ActiveCfg = Release|Win32
		{0286B620-C22C-4E2D-9B45-39C33B643C9A}.Release|x86.Build.0 = Release|Win32
		{B2846420-E4DC-4D7E-BEB3-6B3F1AC68C71}.Debug|x64.ActiveCfg = Debug|x64
		{B2846420-E4DC-4D7E-BEB3-6B3F1AC68C71}.Debug|x64.Build.0 = Debug|x64
		{B2846420-E4DC-4D7E-BEB3-6B3F1AC68C71}.Debug|x86.ActiveCfg = Debug|Win32
		{B2846420-E4DC-4D7E-BEB3-6B3F1AC68C71}.Debug|x86.Build.0 = Debug|Win32
		{B2846420-E4DC-4D7E-BEB3-6B3F1AC68C71}.Release|x64.ActiveCfg = Release|x64
		{B2846420-E4DC-4D7E-BEB3-6B3F1AC68C71}.Release|x64.Build.0 = Release|x64
		{B2846420-E4DC-4D7E-BEB3-6B3F1AC68C71}.Release|x86.ActiveCfg = Release|Win32
		{B2846420-E4DC-4D7E-BEB3-6B3F1AC68C71}.Release|x86.Build.0 = Release|Win32
		{EF9A09E5-0685-4124-88FF-217753160965}.Debug|x64.ActiveCfg = Debug|x64
		{EF9A09E5-0685-4124-88FF-217753160965}.Debug|x64.Build.0 = Debug|x64
		{EF9A09E5-0685-4124-88FF-217753160965}.Debug|x86.ActiveCfg = Debug|Win32
		{EF9A09E5-0685-4124-88FF-217753160965}.Debug|x86.Build.0 = Debug|Win32
		{EF9A09E5-0685-4124-88FF-217753160965}.Release|x64.ActiveCfg = Release|x64
		{EF9A09E5-0685-4124-88FF-217753160965}.Release|x64.Build.0 = Release|x64
		{EF9A09E5-0685-4124-88FF-217753160965}.Release|x86.ActiveCfg = Release|Win32
		{EF9A09E5-0685-4124-88FF-217753160965}.Release|x86.Build.0 = Release|Win32
	EndGlobalSection
	GlobalSection(SolutionProperties) = preSolution
		HideSolutionNode = FALSE
	EndGlobalSection
	GlobalSection(ExtensibilityGlobals) = postSolution
		SolutionGuid = {B653E4BE-A447-40F6-8363-F4E79DE5E775}
	EndGlobalSection
EndGlobal
